
Microsoft Visual Studio Solution File, Format Version 12.00
# Visual Studio Version 17
VisualStudioVersion = 17.0.31903.59
MinimumVisualStudioVersion = 10.0.40219.1
Project("{FAE04EC0-301F-11D3-BF4B-00C04F79EFBC}") = "StringLibrary", "StringLibrary\StringLibrary.csproj", "{51FC98E5-1AF4-4F5E-895E-D63CD9C0BF8A}"
EndProject
Project("{FAE04EC0-301F-11D3-BF4B-00C04F79EFBC}") = "ShowCase", "ShowCase\ShowCase.csproj", "{129CE941-14D3-4825-96B1-C185BD387067}"
EndProject
Project("{FAE04EC0-301F-11D3-BF4B-00C04F79EFBC}") = "StringLibraryTest", "StringLibraryTest\StringLibraryTest.csproj", "{8F0FF2A2-686A-4F0E-9EBE-2B5BA17E8657}"
EndProject
Global
	GlobalSection(SolutionConfigurationPlatforms) = preSolution
		Debug|Any CPU = Debug|Any CPU
		Release|Any CPU = Release|Any CPU
	EndGlobalSection
	GlobalSection(SolutionProperties) = preSolution
		HideSolutionNode = FALSE
	EndGlobalSection
	GlobalSection(ProjectConfigurationPlatforms) = postSolution
		{51FC98E5-1AF4-4F5E-895E-D63CD9C0BF8A}.Debug|Any CPU.ActiveCfg = Debug|Any CPU
		{51FC98E5-1AF4-4F5E-895E-D63CD9C0BF8A}.Debug|Any CPU.Build.0 = Debug|Any CPU
		{51FC98E5-1AF4-4F5E-895E-D63CD9C0BF8A}.Release|Any CPU.ActiveCfg = Release|Any CPU
		{51FC98E5-1AF4-4F5E-895E-D63CD9C0BF8A}.Release|Any CPU.Build.0 = Release|Any CPU
		{129CE941-14D3-4825-96B1-C185BD387067}.Debug|Any CPU.ActiveCfg = Debug|Any CPU
		{129CE941-14D3-4825-96B1-C185BD387067}.Debug|Any CPU.Build.0 = Debug|Any CPU
		{129CE941-14D3-4825-96B1-C185BD387067}.Release|Any CPU.ActiveCfg = Release|Any CPU
		{129CE941-14D3-4825-96B1-C185BD387067}.Release|Any CPU.Build.0 = Release|Any CPU
		{8F0FF2A2-686A-4F0E-9EBE-2B5BA17E8657}.Debug|Any CPU.ActiveCfg = Debug|Any CPU
		{8F0FF2A2-686A-4F0E-9EBE-2B5BA17E8657}.Debug|Any CPU.Build.0 = Debug|Any CPU
		{8F0FF2A2-686A-4F0E-9EBE-2B5BA17E8657}.Release|Any CPU.ActiveCfg = Release|Any CPU
		{8F0FF2A2-686A-4F0E-9EBE-2B5BA17E8657}.Release|Any CPU.Build.0 = Release|Any CPU
	EndGlobalSection
EndGlobal
